# This file was autogenerated by Stack.
# You should not edit this file by hand.
# For more information, please see the documentation at:
#   https://docs.haskellstack.org/en/stable/topics/lock_files

packages:
- completed:
    hackage: packed-data-0.1.0.3@sha256:11eb13f62ac6940538505fa8a0f74d22caa2198a122422a4513c0c7b6c140372,7736
    pantry-tree:
      sha256: 71c882eb9250608f36c01ef22adf83121c3222644b5c5271bb6df94300dc2079
      size: 3926
  original:
    hackage: packed-data-0.1.0.3
- completed:
    hackage: linear-base-0.4.0@sha256:f7c0c832daa0cc97de121ffa34b6cfe72f7cf7f3ea7947d8f1ccac083c91c065,6841
    pantry-tree:
      sha256: 81d29114685e1022c33754c4ac39b405b3b575e67e80305bc4439b0da2dd9624
      size: 9096
  original:
    hackage: linear-base-0.4.0
snapshots:
- completed:
    sha256: b7dc388c75a62a8a2f1ac753f3bfc3f43a3a2cb58d8a920272cc9a049ff76c62
    size: 726792
    url: https://raw.githubusercontent.com/commercialhaskell/stackage-snapshots/master/lts/24/29.yaml
  original: lts-24.29
